{
  "name": "cypress-playground",
  "version": "1.0.0",
  "lockfileVersion": 1,
  "requires": true,
  "dependencies": {
    "typescript": {
      "version": "4.5.4",
      "resolved": "https://yotpo.jfrog.io/yotpo/api/npm/npm-vrt/typescript/-/typescript-4.5.4.tgz",
      "integrity": "sha1-oX06AmO/XIcjucUvQ8UITt8Twug=",
      "dev": true
    }
  }
}
